
Microsoft Visual Studio Solution File, Format Version 12.00
# Visual Studio Version 17
VisualStudioVersion = 17.4.33403.182
MinimumVisualStudioVersion = 10.0.40219.1
Project("{FAE04EC0-301F-11D3-BF4B-00C04F79EFBC}") = "EdominarCRUDApp", "EdominarCRUDApp\EdominarCRUDApp.csproj", "{C5573F92-6183-497D-9337-10E8CE52846D}"
EndProject
Global
	GlobalSection(SolutionConfigurationPlatforms) = preSolution
		Debug|Any CPU = Debug|Any CPU
		Release|Any CPU = Release|Any CPU
	EndGlobalSection
	GlobalSection(ProjectConfigurationPlatforms) = postSolution
		{C5573F92-6183-497D-9337-10E8CE52846D}.Debug|Any CPU.ActiveCfg = Debug|Any CPU
		{C5573F92-6183-497D-9337-10E8CE52846D}.Debug|Any CPU.Build.0 = Debug|Any CPU
		{C5573F92-6183-497D-9337-10E8CE52846D}.Release|Any CPU.ActiveCfg = Release|Any CPU
		{C5573F92-6183-497D-9337-10E8CE52846D}.Release|Any CPU.Build.0 = Release|Any CPU
	EndGlobalSection
	GlobalSection(SolutionProperties) = preSolution
		HideSolutionNode = FALSE
	EndGlobalSection
	GlobalSection(ExtensibilityGlobals) = postSolution
		SolutionGuid = {7C5ECDB8-702E-4737-9482-35233FE43C88}
	EndGlobalSection
EndGlobal
